
Microsoft Visual Studio Solution File, Format Version 12.00
# Visual Studio 15
VisualStudioVersion = 15.0.28307.421
MinimumVisualStudioVersion = 10.0.40219.1
Project("{FAE04EC0-301F-11D3-BF4B-00C04F79EFBC}") = "WindowsFormsApp1", "WindowsFormsApp1\WindowsFormsApp1.csproj", "{101A5959-33D3-474F-95F2-7BBF5073DEC0}"
EndProject
Global
	GlobalSection(SolutionConfigurationPlatforms) = preSolution
		Debug|Any CPU = Debug|Any CPU
		Release|Any CPU = Release|Any CPU
	EndGlobalSection
	GlobalSection(ProjectConfigurationPlatforms) = postSolution
		{101A5959-33D3-474F-95F2-7BBF5073DEC0}.Debug|Any CPU.ActiveCfg = Debug|Any CPU
		{101A5959-33D3-474F-95F2-7BBF5073DEC0}.Debug|Any CPU.Build.0 = Debug|Any CPU
		{101A5959-33D3-474F-95F2-7BBF5073DEC0}.Release|Any CPU.ActiveCfg = Release|Any CPU
		{101A5959-33D3-474F-95F2-7BBF5073DEC0}.Release|Any CPU.Build.0 = Release|Any CPU
	EndGlobalSection
	GlobalSection(SolutionProperties) = preSolution
		HideSolutionNode = FALSE
	EndGlobalSection
	GlobalSection(ExtensibilityGlobals) = postSolution
		SolutionGuid = {A7C9CC2F-C370-47D8-B051-377450320B3E}
	EndGlobalSection
EndGlobal
